
Microsoft Visual Studio Solution File, Format Version 12.00
Project("{FAE04EC0-301F-11D3-BF4B-00C04F79EFBC}") = "SuperdarkLists", "SuperdarkLists\SuperdarkLists.csproj", "{2D7C5797-B18C-4A6D-A0B5-4B72CBD1C07A}"
EndProject
Project("{FAE04EC0-301F-11D3-BF4B-00C04F79EFBC}") = "SuperdarkLists.Api.v1", "SuperdarkLists.Api.v1\SuperdarkLists.Api.v1.csproj", "{76ED4843-0C27-4D84-AD37-83FD5E9E4C8F}"
EndProject
Project("{FAE04EC0-301F-11D3-BF4B-00C04F79EFBC}") = "SuperdarkLists.Common", "SuperdarkLists.Common\SuperdarkLists.Common.csproj", "{95973F16-5C0A-43C0-AC19-AB4CDF17EA66}"
EndProject
Project("{2150E333-8FDC-42A3-9474-1A3956D46DE8}") = "Tests", "Tests", "{2A59DA61-87E8-4CDE-BE63-3F43E6E48236}"
EndProject
Project("{FAE04EC0-301F-11D3-BF4B-00C04F79EFBC}") = "SuperdarkLists.Test.Common", "SuperdarkLists.Test.Common\SuperdarkLists.Test.Common.csproj", "{C6ECA938-E349-41A1-AB06-C223A1B59116}"
EndProject
Project("{FAE04EC0-301F-11D3-BF4B-00C04F79EFBC}") = "SuperdarkLists.Test.UnitTests", "SuperdarkLists.Test.UnitTests\SuperdarkLists.Test.UnitTests.csproj", "{3E331948-E68B-43DC-9A92-EBC1DE9BB784}"
EndProject
Project("{FAE04EC0-301F-11D3-BF4B-00C04F79EFBC}") = "SuperdarkLists.DomainModel", "SuperdarkLists.DomainModel\SuperdarkLists.DomainModel.csproj", "{F99FAB60-A5A9-4189-BCA7-4F494716A88C}"
EndProject
Global
	GlobalSection(SolutionConfigurationPlatforms) = preSolution
		Debug|Any CPU = Debug|Any CPU
		Release|Any CPU = Release|Any CPU
	EndGlobalSection
	GlobalSection(ProjectConfigurationPlatforms) = postSolution
		{2D7C5797-B18C-4A6D-A0B5-4B72CBD1C07A}.Debug|Any CPU.ActiveCfg = Debug|Any CPU
		{2D7C5797-B18C-4A6D-A0B5-4B72CBD1C07A}.Debug|Any CPU.Build.0 = Debug|Any CPU
		{2D7C5797-B18C-4A6D-A0B5-4B72CBD1C07A}.Release|Any CPU.ActiveCfg = Release|Any CPU
		{2D7C5797-B18C-4A6D-A0B5-4B72CBD1C07A}.Release|Any CPU.Build.0 = Release|Any CPU
		{76ED4843-0C27-4D84-AD37-83FD5E9E4C8F}.Debug|Any CPU.ActiveCfg = Debug|Any CPU
		{76ED4843-0C27-4D84-AD37-83FD5E9E4C8F}.Debug|Any CPU.Build.0 = Debug|Any CPU
		{76ED4843-0C27-4D84-AD37-83FD5E9E4C8F}.Release|Any CPU.ActiveCfg = Release|Any CPU
		{76ED4843-0C27-4D84-AD37-83FD5E9E4C8F}.Release|Any CPU.Build.0 = Release|Any CPU
		{95973F16-5C0A-43C0-AC19-AB4CDF17EA66}.Debug|Any CPU.ActiveCfg = Debug|Any CPU
		{95973F16-5C0A-43C0-AC19-AB4CDF17EA66}.Debug|Any CPU.Build.0 = Debug|Any CPU
		{95973F16-5C0A-43C0-AC19-AB4CDF17EA66}.Release|Any CPU.ActiveCfg = Release|Any CPU
		{95973F16-5C0A-43C0-AC19-AB4CDF17EA66}.Release|Any CPU.Build.0 = Release|Any CPU
		{C6ECA938-E349-41A1-AB06-C223A1B59116}.Debug|Any CPU.ActiveCfg = Debug|Any CPU
		{C6ECA938-E349-41A1-AB06-C223A1B59116}.Debug|Any CPU.Build.0 = Debug|Any CPU
		{C6ECA938-E349-41A1-AB06-C223A1B59116}.Release|Any CPU.ActiveCfg = Release|Any CPU
		{C6ECA938-E349-41A1-AB06-C223A1B59116}.Release|Any CPU.Build.0 = Release|Any CPU
		{3E331948-E68B-43DC-9A92-EBC1DE9BB784}.Debug|Any CPU.ActiveCfg = Debug|Any CPU
		{3E331948-E68B-43DC-9A92-EBC1DE9BB784}.Debug|Any CPU.Build.0 = Debug|Any CPU
		{3E331948-E68B-43DC-9A92-EBC1DE9BB784}.Release|Any CPU.ActiveCfg = Release|Any CPU
		{3E331948-E68B-43DC-9A92-EBC1DE9BB784}.Release|Any CPU.Build.0 = Release|Any CPU
		{F99FAB60-A5A9-4189-BCA7-4F494716A88C}.Debug|Any CPU.ActiveCfg = Debug|Any CPU
		{F99FAB60-A5A9-4189-BCA7-4F494716A88C}.Debug|Any CPU.Build.0 = Debug|Any CPU
		{F99FAB60-A5A9-4189-BCA7-4F494716A88C}.Release|Any CPU.ActiveCfg = Release|Any CPU
		{F99FAB60-A5A9-4189-BCA7-4F494716A88C}.Release|Any CPU.Build.0 = Release|Any CPU
	EndGlobalSection
	GlobalSection(NestedProjects) = preSolution
		{C6ECA938-E349-41A1-AB06-C223A1B59116} = {2A59DA61-87E8-4CDE-BE63-3F43E6E48236}
		{3E331948-E68B-43DC-9A92-EBC1DE9BB784} = {2A59DA61-87E8-4CDE-BE63-3F43E6E48236}
	EndGlobalSection
EndGlobal
